
Microsoft Visual Studio Solution File, Format Version 12.00
# Visual Studio Version 17
VisualStudioVersion = 17.12.35527.113
MinimumVisualStudioVersion = 10.0.40219.1
Project("{FAE04EC0-301F-11D3-BF4B-00C04F79EFBC}") = "Connected.Common.Types.Model", "src\Connected.Common.Types.Model\Connected.Common.Types.Model.csproj", "{7E0A010C-BB38-4C81-94AA-D2D198F40A98}"
EndProject
Project("{FAE04EC0-301F-11D3-BF4B-00C04F79EFBC}") = "Connected.Common.Types.MeasureUnits", "src\Connected.Common.Types.MeasureUnits\Connected.Common.Types.MeasureUnits.csproj", "{476FF493-31B0-460A-BCA8-63B0401733F7}"
EndProject
Project("{FAE04EC0-301F-11D3-BF4B-00C04F79EFBC}") = "Connected.Common.Model", "src\Connected.Common.Model\Connected.Common.Model.csproj", "{E7D57ACA-22C7-4F32-A81F-193779F49668}"
EndProject
Project("{FAE04EC0-301F-11D3-BF4B-00C04F79EFBC}") = "Connected.Common.Extensions", "src\Connected.Common.Extensions\Connected.Common.Extensions.csproj", "{08019D37-30A5-4C98-8B3A-2FFB30BAB18A}"
EndProject
Project("{FAE04EC0-301F-11D3-BF4B-00C04F79EFBC}") = "Connected.Common.Types.Extensions", "src\Connected.Common.Types.Extensions\Connected.Common.Types.Extensions.csproj", "{C0057B6A-5672-4CFC-BF87-7F481A50B87A}"
EndProject
Project("{FAE04EC0-301F-11D3-BF4B-00C04F79EFBC}") = "Connected.Common.Sdk", "src\Connected.Common.Sdk\Connected.Common.Sdk.csproj", "{1DF8368B-13E5-43A9-A923-8E717C119A1B}"
EndProject
Project("{FAE04EC0-301F-11D3-BF4B-00C04F79EFBC}") = "Connected.Common.Types.MeasureUnits.Grpc", "src\Connected.Common.Types.MeasureUnits.Grpc\Connected.Common.Types.MeasureUnits.Grpc.csproj", "{08D8BFAD-BD1E-4612-8560-4D26777A7E34}"
EndProject
Project("{2150E333-8FDC-42A3-9474-1A3956D46DE8}") = "Dependencies", "Dependencies", "{02EA681E-C7D8-13C7-8484-4AC65E1B71E8}"
EndProject
Project("{FAE04EC0-301F-11D3-BF4B-00C04F79EFBC}") = "Connected.Sdk", "..\Connected.Core\src\Connected.Sdk\Connected.Sdk.csproj", "{677BCFEC-B55D-E52D-8DB0-0969AB117483}"
EndProject
Project("{FAE04EC0-301F-11D3-BF4B-00C04F79EFBC}") = "Connected.Common.Types.OrganizationUnits", "src\Connected.Common.Types.OrganizationUnits\Connected.Common.Types.OrganizationUnits.csproj", "{9F13BCA3-B5AF-4896-82C7-45B1630D2565}"
EndProject
Project("{FAE04EC0-301F-11D3-BF4B-00C04F79EFBC}") = "Connected.Common.Types.Workplaces", "src\Connected.Common.Types.Workplaces\Connected.Common.Types.Workplaces.csproj", "{35457358-D0FC-444C-A8C3-031CD83DB122}"
EndProject
Project("{FAE04EC0-301F-11D3-BF4B-00C04F79EFBC}") = "Connected.Common.Types.EnvironmentLocations", "src\Connected.Common.Types.EnvironmentLocations\Connected.Common.Types.EnvironmentLocations.csproj", "{B52BA7DA-49B2-48CE-93BA-E74140B292E9}"
EndProject
Global
	GlobalSection(SolutionConfigurationPlatforms) = preSolution
		Debug|Any CPU = Debug|Any CPU
		Release|Any CPU = Release|Any CPU
	EndGlobalSection
	GlobalSection(ProjectConfigurationPlatforms) = postSolution
		{7E0A010C-BB38-4C81-94AA-D2D198F40A98}.Debug|Any CPU.ActiveCfg = Debug|Any CPU
		{7E0A010C-BB38-4C81-94AA-D2D198F40A98}.Debug|Any CPU.Build.0 = Debug|Any CPU
		{7E0A010C-BB38-4C81-94AA-D2D198F40A98}.Release|Any CPU.ActiveCfg = Release|Any CPU
		{7E0A010C-BB38-4C81-94AA-D2D198F40A98}.Release|Any CPU.Build.0 = Release|Any CPU
		{476FF493-31B0-460A-BCA8-63B0401733F7}.Debug|Any CPU.ActiveCfg = Debug|Any CPU
		{476FF493-31B0-460A-BCA8-63B0401733F7}.Debug|Any CPU.Build.0 = Debug|Any CPU
		{476FF493-31B0-460A-BCA8-63B0401733F7}.Release|Any CPU.ActiveCfg = Release|Any CPU
		{476FF493-31B0-460A-BCA8-63B0401733F7}.Release|Any CPU.Build.0 = Release|Any CPU
		{E7D57ACA-22C7-4F32-A81F-193779F49668}.Debug|Any CPU.ActiveCfg = Debug|Any CPU
		{E7D57ACA-22C7-4F32-A81F-193779F49668}.Debug|Any CPU.Build.0 = Debug|Any CPU
		{E7D57ACA-22C7-4F32-A81F-193779F49668}.Release|Any CPU.ActiveCfg = Release|Any CPU
		{E7D57ACA-22C7-4F32-A81F-193779F49668}.Release|Any CPU.Build.0 = Release|Any CPU
		{08019D37-30A5-4C98-8B3A-2FFB30BAB18A}.Debug|Any CPU.ActiveCfg = Debug|Any CPU
		{08019D37-30A5-4C98-8B3A-2FFB30BAB18A}.Debug|Any CPU.Build.0 = Debug|Any CPU
		{08019D37-30A5-4C98-8B3A-2FFB30BAB18A}.Release|Any CPU.ActiveCfg = Release|Any CPU
		{08019D37-30A5-4C98-8B3A-2FFB30BAB18A}.Release|Any CPU.Build.0 = Release|Any CPU
		{C0057B6A-5672-4CFC-BF87-7F481A50B87A}.Debug|Any CPU.ActiveCfg = Debug|Any CPU
		{C0057B6A-5672-4CFC-BF87-7F481A50B87A}.Debug|Any CPU.Build.0 = Debug|Any CPU
		{C0057B6A-5672-4CFC-BF87-7F481A50B87A}.Release|Any CPU.ActiveCfg = Release|Any CPU
		{C0057B6A-5672-4CFC-BF87-7F481A50B87A}.Release|Any CPU.Build.0 = Release|Any CPU
		{1DF8368B-13E5-43A9-A923-8E717C119A1B}.Debug|Any CPU.ActiveCfg = Debug|Any CPU
		{1DF8368B-13E5-43A9-A923-8E717C119A1B}.Debug|Any CPU.Build.0 = Debug|Any CPU
		{1DF8368B-13E5-43A9-A923-8E717C119A1B}.Release|Any CPU.ActiveCfg = Release|Any CPU
		{1DF8368B-13E5-43A9-A923-8E717C119A1B}.Release|Any CPU.Build.0 = Release|Any CPU
		{08D8BFAD-BD1E-4612-8560-4D26777A7E34}.Debug|Any CPU.ActiveCfg = Debug|Any CPU
		{08D8BFAD-BD1E-4612-8560-4D26777A7E34}.Debug|Any CPU.Build.0 = Debug|Any CPU
		{08D8BFAD-BD1E-4612-8560-4D26777A7E34}.Release|Any CPU.ActiveCfg = Release|Any CPU
		{08D8BFAD-BD1E-4612-8560-4D26777A7E34}.Release|Any CPU.Build.0 = Release|Any CPU
		{677BCFEC-B55D-E52D-8DB0-0969AB117483}.Debug|Any CPU.ActiveCfg = Debug|Any CPU
		{677BCFEC-B55D-E52D-8DB0-0969AB117483}.Debug|Any CPU.Build.0 = Debug|Any CPU
		{677BCFEC-B55D-E52D-8DB0-0969AB117483}.Release|Any CPU.ActiveCfg = Release|Any CPU
		{677BCFEC-B55D-E52D-8DB0-0969AB117483}.Release|Any CPU.Build.0 = Release|Any CPU
		{9F13BCA3-B5AF-4896-82C7-45B1630D2565}.Debug|Any CPU.ActiveCfg = Debug|Any CPU
		{9F13BCA3-B5AF-4896-82C7-45B1630D2565}.Debug|Any CPU.Build.0 = Debug|Any CPU
		{9F13BCA3-B5AF-4896-82C7-45B1630D2565}.Release|Any CPU.ActiveCfg = Release|Any CPU
		{9F13BCA3-B5AF-4896-82C7-45B1630D2565}.Release|Any CPU.Build.0 = Release|Any CPU
		{35457358-D0FC-444C-A8C3-031CD83DB122}.Debug|Any CPU.ActiveCfg = Debug|Any CPU
		{35457358-D0FC-444C-A8C3-031CD83DB122}.Debug|Any CPU.Build.0 = Debug|Any CPU
		{35457358-D0FC-444C-A8C3-031CD83DB122}.Release|Any CPU.ActiveCfg = Release|Any CPU
		{35457358-D0FC-444C-A8C3-031CD83DB122}.Release|Any CPU.Build.0 = Release|Any CPU
		{B52BA7DA-49B2-48CE-93BA-E74140B292E9}.Debug|Any CPU.ActiveCfg = Debug|Any CPU
		{B52BA7DA-49B2-48CE-93BA-E74140B292E9}.Debug|Any CPU.Build.0 = Debug|Any CPU
		{B52BA7DA-49B2-48CE-93BA-E74140B292E9}.Release|Any CPU.ActiveCfg = Release|Any CPU
		{B52BA7DA-49B2-48CE-93BA-E74140B292E9}.Release|Any CPU.Build.0 = Release|Any CPU
	EndGlobalSection
	GlobalSection(SolutionProperties) = preSolution
		HideSolutionNode = FALSE
	EndGlobalSection
	GlobalSection(NestedProjects) = preSolution
		{677BCFEC-B55D-E52D-8DB0-0969AB117483} = {02EA681E-C7D8-13C7-8484-4AC65E1B71E8}
	EndGlobalSection
	GlobalSection(ExtensibilityGlobals) = postSolution
		SolutionGuid = {B747E8D7-292D-4EF9-9E4A-87162C512E2D}
	EndGlobalSection
EndGlobal
