
Microsoft Visual Studio Solution File, Format Version 12.00
# Visual Studio Version 17
VisualStudioVersion = 17.14.36429.23
MinimumVisualStudioVersion = 10.0.40219.1
Project("{2150E333-8FDC-42A3-9474-1A3956D46DE8}") = "_Dependencies", "_Dependencies", "{02EA681E-C7D8-13C7-8484-4AC65E1B71E8}"
EndProject
Project("{FAE04EC0-301F-11D3-BF4B-00C04F79EFBC}") = "Connected.Common.Mock", "Connected.Common.Mock\Connected.Common.Mock.csproj", "{B165DCC3-050C-4C5C-A4B9-E6324F9417DB}"
EndProject
Project("{FAE04EC0-301F-11D3-BF4B-00C04F79EFBC}") = "Connected.Common.Tests", "Connected.Common.Tests\Connected.Common.Tests.csproj", "{F93FB325-3D0C-4560-8D1E-CCBFBE87E46C}"
EndProject
Project("{FAE04EC0-301F-11D3-BF4B-00C04F79EFBC}") = "Connected.Common.Model", "..\src\Connected.Common.Model\Connected.Common.Model.csproj", "{41D0691A-2273-57CE-CC2E-5937D8C5D9CA}"
EndProject
Project("{FAE04EC0-301F-11D3-BF4B-00C04F79EFBC}") = "Connected.Mock", "..\..\Connected.Core\tests\Connected.Mock\Connected.Mock.csproj", "{D650C89E-4520-F485-39FA-DCDD69AD6A0D}"
EndProject
Global
	GlobalSection(SolutionConfigurationPlatforms) = preSolution
		Debug|Any CPU = Debug|Any CPU
		Release|Any CPU = Release|Any CPU
	EndGlobalSection
	GlobalSection(ProjectConfigurationPlatforms) = postSolution
		{B165DCC3-050C-4C5C-A4B9-E6324F9417DB}.Debug|Any CPU.ActiveCfg = Debug|Any CPU
		{B165DCC3-050C-4C5C-A4B9-E6324F9417DB}.Debug|Any CPU.Build.0 = Debug|Any CPU
		{B165DCC3-050C-4C5C-A4B9-E6324F9417DB}.Release|Any CPU.ActiveCfg = Release|Any CPU
		{B165DCC3-050C-4C5C-A4B9-E6324F9417DB}.Release|Any CPU.Build.0 = Release|Any CPU
		{F93FB325-3D0C-4560-8D1E-CCBFBE87E46C}.Debug|Any CPU.ActiveCfg = Debug|Any CPU
		{F93FB325-3D0C-4560-8D1E-CCBFBE87E46C}.Debug|Any CPU.Build.0 = Debug|Any CPU
		{F93FB325-3D0C-4560-8D1E-CCBFBE87E46C}.Release|Any CPU.ActiveCfg = Release|Any CPU
		{F93FB325-3D0C-4560-8D1E-CCBFBE87E46C}.Release|Any CPU.Build.0 = Release|Any CPU
		{41D0691A-2273-57CE-CC2E-5937D8C5D9CA}.Debug|Any CPU.ActiveCfg = Debug|Any CPU
		{41D0691A-2273-57CE-CC2E-5937D8C5D9CA}.Debug|Any CPU.Build.0 = Debug|Any CPU
		{41D0691A-2273-57CE-CC2E-5937D8C5D9CA}.Release|Any CPU.ActiveCfg = Release|Any CPU
		{41D0691A-2273-57CE-CC2E-5937D8C5D9CA}.Release|Any CPU.Build.0 = Release|Any CPU
		{D650C89E-4520-F485-39FA-DCDD69AD6A0D}.Debug|Any CPU.ActiveCfg = Debug|Any CPU
		{D650C89E-4520-F485-39FA-DCDD69AD6A0D}.Debug|Any CPU.Build.0 = Debug|Any CPU
		{D650C89E-4520-F485-39FA-DCDD69AD6A0D}.Release|Any CPU.ActiveCfg = Release|Any CPU
		{D650C89E-4520-F485-39FA-DCDD69AD6A0D}.Release|Any CPU.Build.0 = Release|Any CPU
	EndGlobalSection
	GlobalSection(SolutionProperties) = preSolution
		HideSolutionNode = FALSE
	EndGlobalSection
	GlobalSection(NestedProjects) = preSolution
		{41D0691A-2273-57CE-CC2E-5937D8C5D9CA} = {02EA681E-C7D8-13C7-8484-4AC65E1B71E8}
		{D650C89E-4520-F485-39FA-DCDD69AD6A0D} = {02EA681E-C7D8-13C7-8484-4AC65E1B71E8}
	EndGlobalSection
	GlobalSection(ExtensibilityGlobals) = postSolution
		SolutionGuid = {5C3FE453-CF95-4AB3-93AA-A2192B771E67}
	EndGlobalSection
EndGlobal
