
Microsoft Visual Studio Solution File, Format Version 12.00
# Visual Studio Version 17
VisualStudioVersion = 17.14.36429.23
MinimumVisualStudioVersion = 10.0.40219.1
Project("{2150E333-8FDC-42A3-9474-1A3956D46DE8}") = "_Dependencies", "_Dependencies", "{02EA681E-C7D8-13C7-8484-4AC65E1B71E8}"
EndProject
Project("{FAE04EC0-301F-11D3-BF4B-00C04F79EFBC}") = "Connected.Common.Tests.Sdk", "Connected.Common.Tests.Sdk\Connected.Common.Tests.Sdk.csproj", "{A52C27A2-56A1-4A98-B69B-01240FC0A597}"
EndProject
Project("{FAE04EC0-301F-11D3-BF4B-00C04F79EFBC}") = "Connected.Common.Mock", "Connected.Common.Mock\Connected.Common.Mock.csproj", "{B165DCC3-050C-4C5C-A4B9-E6324F9417DB}"
EndProject
Project("{FAE04EC0-301F-11D3-BF4B-00C04F79EFBC}") = "Connected.Core.Mock.Sdk", "..\..\Connected.Core\tests\Connected.Core.Mock.Sdk\Connected.Core.Mock.Sdk.csproj", "{566BDF62-3C54-499D-5BF6-CBF0E5C4196A}"
EndProject
Project("{FAE04EC0-301F-11D3-BF4B-00C04F79EFBC}") = "Connected.Common.Types.Model", "..\src\Connected.Common.Types.Model\Connected.Common.Types.Model.csproj", "{205052C0-5A00-6F38-EA12-4EAF401BBED4}"
EndProject
Project("{FAE04EC0-301F-11D3-BF4B-00C04F79EFBC}") = "Connected.Common.Tests", "Connected.Common.Tests\Connected.Common.Tests.csproj", "{F93FB325-3D0C-4560-8D1E-CCBFBE87E46C}"
EndProject
Global
	GlobalSection(SolutionConfigurationPlatforms) = preSolution
		Debug|Any CPU = Debug|Any CPU
		Release|Any CPU = Release|Any CPU
	EndGlobalSection
	GlobalSection(ProjectConfigurationPlatforms) = postSolution
		{A52C27A2-56A1-4A98-B69B-01240FC0A597}.Debug|Any CPU.ActiveCfg = Debug|Any CPU
		{A52C27A2-56A1-4A98-B69B-01240FC0A597}.Debug|Any CPU.Build.0 = Debug|Any CPU
		{A52C27A2-56A1-4A98-B69B-01240FC0A597}.Release|Any CPU.ActiveCfg = Release|Any CPU
		{A52C27A2-56A1-4A98-B69B-01240FC0A597}.Release|Any CPU.Build.0 = Release|Any CPU
		{B165DCC3-050C-4C5C-A4B9-E6324F9417DB}.Debug|Any CPU.ActiveCfg = Debug|Any CPU
		{B165DCC3-050C-4C5C-A4B9-E6324F9417DB}.Debug|Any CPU.Build.0 = Debug|Any CPU
		{B165DCC3-050C-4C5C-A4B9-E6324F9417DB}.Release|Any CPU.ActiveCfg = Release|Any CPU
		{B165DCC3-050C-4C5C-A4B9-E6324F9417DB}.Release|Any CPU.Build.0 = Release|Any CPU
		{566BDF62-3C54-499D-5BF6-CBF0E5C4196A}.Debug|Any CPU.ActiveCfg = Debug|Any CPU
		{566BDF62-3C54-499D-5BF6-CBF0E5C4196A}.Debug|Any CPU.Build.0 = Debug|Any CPU
		{566BDF62-3C54-499D-5BF6-CBF0E5C4196A}.Release|Any CPU.ActiveCfg = Release|Any CPU
		{566BDF62-3C54-499D-5BF6-CBF0E5C4196A}.Release|Any CPU.Build.0 = Release|Any CPU
		{205052C0-5A00-6F38-EA12-4EAF401BBED4}.Debug|Any CPU.ActiveCfg = Debug|Any CPU
		{205052C0-5A00-6F38-EA12-4EAF401BBED4}.Debug|Any CPU.Build.0 = Debug|Any CPU
		{205052C0-5A00-6F38-EA12-4EAF401BBED4}.Release|Any CPU.ActiveCfg = Release|Any CPU
		{205052C0-5A00-6F38-EA12-4EAF401BBED4}.Release|Any CPU.Build.0 = Release|Any CPU
		{F93FB325-3D0C-4560-8D1E-CCBFBE87E46C}.Debug|Any CPU.ActiveCfg = Debug|Any CPU
		{F93FB325-3D0C-4560-8D1E-CCBFBE87E46C}.Debug|Any CPU.Build.0 = Debug|Any CPU
		{F93FB325-3D0C-4560-8D1E-CCBFBE87E46C}.Release|Any CPU.ActiveCfg = Release|Any CPU
		{F93FB325-3D0C-4560-8D1E-CCBFBE87E46C}.Release|Any CPU.Build.0 = Release|Any CPU
	EndGlobalSection
	GlobalSection(SolutionProperties) = preSolution
		HideSolutionNode = FALSE
	EndGlobalSection
	GlobalSection(NestedProjects) = preSolution
		{566BDF62-3C54-499D-5BF6-CBF0E5C4196A} = {02EA681E-C7D8-13C7-8484-4AC65E1B71E8}
		{205052C0-5A00-6F38-EA12-4EAF401BBED4} = {02EA681E-C7D8-13C7-8484-4AC65E1B71E8}
	EndGlobalSection
	GlobalSection(ExtensibilityGlobals) = postSolution
		SolutionGuid = {5C3FE453-CF95-4AB3-93AA-A2192B771E67}
	EndGlobalSection
EndGlobal
