
Microsoft Visual Studio Solution File, Format Version 12.00
# Visual Studio Version 17
VisualStudioVersion = 17.12.35527.113
MinimumVisualStudioVersion = 10.0.40219.1
Project("{2150E333-8FDC-42A3-9474-1A3956D46DE8}") = "Dependencies", "Dependencies", "{02EA681E-C7D8-13C7-8484-4AC65E1B71E8}"
EndProject
Project("{FAE04EC0-301F-11D3-BF4B-00C04F79EFBC}") = "Connected.Common", "Connected.Common\Connected.Common.csproj", "{E3FBDC1E-1430-A4DD-0302-2EC967309B17}"
EndProject
Project("{FAE04EC0-301F-11D3-BF4B-00C04F79EFBC}") = "Connected.Common.Extensions", "Connected.Common.Extensions\Connected.Common.Extensions.csproj", "{641A0B2C-6B4F-9A4D-EED6-E649B9DBF539}"
EndProject
Project("{FAE04EC0-301F-11D3-BF4B-00C04F79EFBC}") = "Connected.Common.Model", "Connected.Common.Model\Connected.Common.Model.csproj", "{CB1D2CCA-A844-7C36-1B5D-B818691A752D}"
EndProject
Project("{FAE04EC0-301F-11D3-BF4B-00C04F79EFBC}") = "Connected.Common.Sdk", "Connected.Common.Sdk\Connected.Common.Sdk.csproj", "{6010C01C-21E9-3A30-0AF4-4CCA8E98E2E7}"
EndProject
Project("{FAE04EC0-301F-11D3-BF4B-00C04F79EFBC}") = "Connected.Sdk", "..\..\Connected.Core\src\Connected.Sdk\Connected.Sdk.csproj", "{F1D9D342-3FD2-0F6E-F96A-5268EEA13A08}"
EndProject
Project("{FAE04EC0-301F-11D3-BF4B-00C04F79EFBC}") = "TestClient", "..\TestClient\TestClient.csproj", "{DFBE0694-3341-F2CC-6F5D-CDFB9780A371}"
EndProject
Project("{FAE04EC0-301F-11D3-BF4B-00C04F79EFBC}") = "Connected", "..\..\Connected.Core\src\Connected\Connected.csproj", "{E4B63266-97D8-B585-F4AA-A9D0DFF6D631}"
EndProject
Global
	GlobalSection(SolutionConfigurationPlatforms) = preSolution
		Debug|Any CPU = Debug|Any CPU
		Release|Any CPU = Release|Any CPU
	EndGlobalSection
	GlobalSection(ProjectConfigurationPlatforms) = postSolution
		{E3FBDC1E-1430-A4DD-0302-2EC967309B17}.Debug|Any CPU.ActiveCfg = Debug|Any CPU
		{E3FBDC1E-1430-A4DD-0302-2EC967309B17}.Debug|Any CPU.Build.0 = Debug|Any CPU
		{E3FBDC1E-1430-A4DD-0302-2EC967309B17}.Release|Any CPU.ActiveCfg = Release|Any CPU
		{E3FBDC1E-1430-A4DD-0302-2EC967309B17}.Release|Any CPU.Build.0 = Release|Any CPU
		{641A0B2C-6B4F-9A4D-EED6-E649B9DBF539}.Debug|Any CPU.ActiveCfg = Debug|Any CPU
		{641A0B2C-6B4F-9A4D-EED6-E649B9DBF539}.Debug|Any CPU.Build.0 = Debug|Any CPU
		{641A0B2C-6B4F-9A4D-EED6-E649B9DBF539}.Release|Any CPU.ActiveCfg = Release|Any CPU
		{641A0B2C-6B4F-9A4D-EED6-E649B9DBF539}.Release|Any CPU.Build.0 = Release|Any CPU
		{CB1D2CCA-A844-7C36-1B5D-B818691A752D}.Debug|Any CPU.ActiveCfg = Debug|Any CPU
		{CB1D2CCA-A844-7C36-1B5D-B818691A752D}.Debug|Any CPU.Build.0 = Debug|Any CPU
		{CB1D2CCA-A844-7C36-1B5D-B818691A752D}.Release|Any CPU.ActiveCfg = Release|Any CPU
		{CB1D2CCA-A844-7C36-1B5D-B818691A752D}.Release|Any CPU.Build.0 = Release|Any CPU
		{6010C01C-21E9-3A30-0AF4-4CCA8E98E2E7}.Debug|Any CPU.ActiveCfg = Debug|Any CPU
		{6010C01C-21E9-3A30-0AF4-4CCA8E98E2E7}.Debug|Any CPU.Build.0 = Debug|Any CPU
		{6010C01C-21E9-3A30-0AF4-4CCA8E98E2E7}.Release|Any CPU.ActiveCfg = Release|Any CPU
		{6010C01C-21E9-3A30-0AF4-4CCA8E98E2E7}.Release|Any CPU.Build.0 = Release|Any CPU
		{F1D9D342-3FD2-0F6E-F96A-5268EEA13A08}.Debug|Any CPU.ActiveCfg = Debug|Any CPU
		{F1D9D342-3FD2-0F6E-F96A-5268EEA13A08}.Debug|Any CPU.Build.0 = Debug|Any CPU
		{F1D9D342-3FD2-0F6E-F96A-5268EEA13A08}.Release|Any CPU.ActiveCfg = Release|Any CPU
		{F1D9D342-3FD2-0F6E-F96A-5268EEA13A08}.Release|Any CPU.Build.0 = Release|Any CPU
		{DFBE0694-3341-F2CC-6F5D-CDFB9780A371}.Debug|Any CPU.ActiveCfg = Debug|Any CPU
		{DFBE0694-3341-F2CC-6F5D-CDFB9780A371}.Debug|Any CPU.Build.0 = Debug|Any CPU
		{DFBE0694-3341-F2CC-6F5D-CDFB9780A371}.Release|Any CPU.ActiveCfg = Release|Any CPU
		{DFBE0694-3341-F2CC-6F5D-CDFB9780A371}.Release|Any CPU.Build.0 = Release|Any CPU
		{E4B63266-97D8-B585-F4AA-A9D0DFF6D631}.Debug|Any CPU.ActiveCfg = Debug|Any CPU
		{E4B63266-97D8-B585-F4AA-A9D0DFF6D631}.Debug|Any CPU.Build.0 = Debug|Any CPU
		{E4B63266-97D8-B585-F4AA-A9D0DFF6D631}.Release|Any CPU.ActiveCfg = Release|Any CPU
		{E4B63266-97D8-B585-F4AA-A9D0DFF6D631}.Release|Any CPU.Build.0 = Release|Any CPU
	EndGlobalSection
	GlobalSection(SolutionProperties) = preSolution
		HideSolutionNode = FALSE
	EndGlobalSection
	GlobalSection(NestedProjects) = preSolution
		{F1D9D342-3FD2-0F6E-F96A-5268EEA13A08} = {02EA681E-C7D8-13C7-8484-4AC65E1B71E8}
		{E4B63266-97D8-B585-F4AA-A9D0DFF6D631} = {02EA681E-C7D8-13C7-8484-4AC65E1B71E8}
	EndGlobalSection
	GlobalSection(ExtensibilityGlobals) = postSolution
		SolutionGuid = {B747E8D7-292D-4EF9-9E4A-87162C512E2D}
	EndGlobalSection
EndGlobal
